
Microsoft Visual Studio Solution File, Format Version 12.00
# Visual Studio 14
VisualStudioVersion = 14.0.25420.1
MinimumVisualStudioVersion = 10.0.40219.1
Project("{2150E333-8FDC-42A3-9474-1A3956D46DE8}") = "src", "src", "{D544447C-D701-46BB-9A5B-C76C612A596B}"
EndProject
Project("{2150E333-8FDC-42A3-9474-1A3956D46DE8}") = "samples", "samples", "{F47D1283-0EE9-4728-8026-58405C29B786}"
EndProject
Project("{8BB2217D-0F2D-49D1-97BC-3654ED321F3B}") = "Mvc.Client", "samples\Mvc.Client\Mvc.Client.xproj", "{96B22EB9-771A-4DCA-B828-E6EA2774CF1B}"
EndProject
Project("{8BB2217D-0F2D-49D1-97BC-3654ED321F3B}") = "Mvc.Server", "samples\Mvc.Server\Mvc.Server.xproj", "{7CBEAFD2-E3D0-4424-9B78-E87AB52327A6}"
EndProject
Project("{8BB2217D-0F2D-49D1-97BC-3654ED321F3B}") = "OpenIddict.Core", "src\OpenIddict.Core\OpenIddict.Core.xproj", "{26A6125A-45BB-40DF-9FF4-E954A866F0F8}"
EndProject
Project("{8BB2217D-0F2D-49D1-97BC-3654ED321F3B}") = "OpenIddict.EntityFramework", "src\OpenIddict.EntityFramework\OpenIddict.EntityFramework.xproj", "{F190C330-EB0A-4DA3-96A8-2681030EADC5}"
EndProject
Project("{8BB2217D-0F2D-49D1-97BC-3654ED321F3B}") = "OpenIddict", "src\OpenIddict\OpenIddict.xproj", "{44A51EC3-2A83-4159-A6A0-AE19896F7379}"
EndProject
Global
	GlobalSection(SolutionConfigurationPlatforms) = preSolution
		Debug|Any CPU = Debug|Any CPU
		Release|Any CPU = Release|Any CPU
	EndGlobalSection
	GlobalSection(ProjectConfigurationPlatforms) = postSolution
		{96B22EB9-771A-4DCA-B828-E6EA2774CF1B}.Debug|Any CPU.ActiveCfg = Debug|Any CPU
		{96B22EB9-771A-4DCA-B828-E6EA2774CF1B}.Debug|Any CPU.Build.0 = Debug|Any CPU
		{96B22EB9-771A-4DCA-B828-E6EA2774CF1B}.Release|Any CPU.ActiveCfg = Release|Any CPU
		{96B22EB9-771A-4DCA-B828-E6EA2774CF1B}.Release|Any CPU.Build.0 = Release|Any CPU
		{7CBEAFD2-E3D0-4424-9B78-E87AB52327A6}.Debug|Any CPU.ActiveCfg = Debug|Any CPU
		{7CBEAFD2-E3D0-4424-9B78-E87AB52327A6}.Debug|Any CPU.Build.0 = Debug|Any CPU
		{7CBEAFD2-E3D0-4424-9B78-E87AB52327A6}.Release|Any CPU.ActiveCfg = Release|Any CPU
		{7CBEAFD2-E3D0-4424-9B78-E87AB52327A6}.Release|Any CPU.Build.0 = Release|Any CPU
		{26A6125A-45BB-40DF-9FF4-E954A866F0F8}.Debug|Any CPU.ActiveCfg = Debug|Any CPU
		{26A6125A-45BB-40DF-9FF4-E954A866F0F8}.Debug|Any CPU.Build.0 = Debug|Any CPU
		{26A6125A-45BB-40DF-9FF4-E954A866F0F8}.Release|Any CPU.ActiveCfg = Release|Any CPU
		{26A6125A-45BB-40DF-9FF4-E954A866F0F8}.Release|Any CPU.Build.0 = Release|Any CPU
		{F190C330-EB0A-4DA3-96A8-2681030EADC5}.Debug|Any CPU.ActiveCfg = Debug|Any CPU
		{F190C330-EB0A-4DA3-96A8-2681030EADC5}.Debug|Any CPU.Build.0 = Debug|Any CPU
		{F190C330-EB0A-4DA3-96A8-2681030EADC5}.Release|Any CPU.ActiveCfg = Release|Any CPU
		{F190C330-EB0A-4DA3-96A8-2681030EADC5}.Release|Any CPU.Build.0 = Release|Any CPU
		{44A51EC3-2A83-4159-A6A0-AE19896F7379}.Debug|Any CPU.ActiveCfg = Debug|Any CPU
		{44A51EC3-2A83-4159-A6A0-AE19896F7379}.Debug|Any CPU.Build.0 = Debug|Any CPU
		{44A51EC3-2A83-4159-A6A0-AE19896F7379}.Release|Any CPU.ActiveCfg = Release|Any CPU
		{44A51EC3-2A83-4159-A6A0-AE19896F7379}.Release|Any CPU.Build.0 = Release|Any CPU
	EndGlobalSection
	GlobalSection(SolutionProperties) = preSolution
		HideSolutionNode = FALSE
	EndGlobalSection
	GlobalSection(NestedProjects) = preSolution
		{96B22EB9-771A-4DCA-B828-E6EA2774CF1B} = {F47D1283-0EE9-4728-8026-58405C29B786}
		{7CBEAFD2-E3D0-4424-9B78-E87AB52327A6} = {F47D1283-0EE9-4728-8026-58405C29B786}
		{26A6125A-45BB-40DF-9FF4-E954A866F0F8} = {D544447C-D701-46BB-9A5B-C76C612A596B}
		{F190C330-EB0A-4DA3-96A8-2681030EADC5} = {D544447C-D701-46BB-9A5B-C76C612A596B}
		{44A51EC3-2A83-4159-A6A0-AE19896F7379} = {D544447C-D701-46BB-9A5B-C76C612A596B}
	EndGlobalSection
EndGlobal
